// !$*UTF8*$!
{
	archiveVersion = 1;
	classes = {
	};
	objectVersion = 55;
	objects = {

/* Begin PBXBuildFile section */
		04697E6F274533FC00154D32 /* Post.swift in Sources */ = {isa = PBXBuildFile; fileRef = 04697E6E274533FC00154D32 /* Post.swift */; };
		04FC49A2273E5C8A00C423F3 /* AppDelegate.swift in Sources */ = {isa = PBXBuildFile; fileRef = 04FC49A1273E5C8A00C423F3 /* AppDelegate.swift */; };
		04FC49A4273E5C8A00C423F3 /* SceneDelegate.swift in Sources */ = {isa = PBXBuildFile; fileRef = 04FC49A3273E5C8A00C423F3 /* SceneDelegate.swift */; };
		04FC49A6273E5C8A00C423F3 /* SignInViewController.swift in Sources */ = {isa = PBXBuildFile; fileRef = 04FC49A5273E5C8A00C423F3 /* SignInViewController.swift */; };
		04FC49A9273E5C8A00C423F3 /* Main.storyboard in Resources */ = {isa = PBXBuildFile; fileRef = 04FC49A7273E5C8A00C423F3 /* Main.storyboard */; };
		04FC49AB273E5C8B00C423F3 /* Assets.xcassets in Resources */ = {isa = PBXBuildFile; fileRef = 04FC49AA273E5C8B00C423F3 /* Assets.xcassets */; };
		04FC49AE273E5C8B00C423F3 /* LaunchScreen.storyboard in Resources */ = {isa = PBXBuildFile; fileRef = 04FC49AC273E5C8B00C423F3 /* LaunchScreen.storyboard */; };
		04FC49B6273E5CA300C423F3 /* GoogleService-Info.plist in Resources */ = {isa = PBXBuildFile; fileRef = 04FC49B5273E5CA300C423F3 /* GoogleService-Info.plist */; };
		04FC49B8273E86C400C423F3 /* FeedVC.swift in Sources */ = {isa = PBXBuildFile; fileRef = 04FC49B7273E86C400C423F3 /* FeedVC.swift */; };
		04FC49BA273E86E800C423F3 /* UploadVC.swift in Sources */ = {isa = PBXBuildFile; fileRef = 04FC49B9273E86E800C423F3 /* UploadVC.swift */; };
		04FC49BC273E86FB00C423F3 /* SettingsVC.swift in Sources */ = {isa = PBXBuildFile; fileRef = 04FC49BB273E86FB00C423F3 /* SettingsVC.swift */; };
		04FC49C02743DEF800C423F3 /* FeedCell.swift in Sources */ = {isa = PBXBuildFile; fileRef = 04FC49BF2743DEF800C423F3 /* FeedCell.swift */; };
		89655E839EBC50F73DF1157E /* Pods_PhotoWebApp.framework in Frameworks */ = {isa = PBXBuildFile; fileRef = 83CB42E2036016324EDF3AFD /* Pods_PhotoWebApp.framework */; };
		FB94DCFE2A4C6EFC00A136D6 /* SettingsViewModel.swift in Sources */ = {isa = PBXBuildFile; fileRef = FB94DCFD2A4C6EFC00A136D6 /* SettingsViewModel.swift */; };
		FB94DD022A4C746800A136D6 /* FeedViewModel.swift in Sources */ = {isa = PBXBuildFile; fileRef = FB94DD012A4C746800A136D6 /* FeedViewModel.swift */; };
		FB94DD052A4C86E900A136D6 /* UploadViewModel.swift in Sources */ = {isa = PBXBuildFile; fileRef = FB94DD042A4C86E900A136D6 /* UploadViewModel.swift */; };
		FB94DD082A4C8B6800A136D6 /* Service.swift in Sources */ = {isa = PBXBuildFile; fileRef = FB94DD072A4C8B6800A136D6 /* Service.swift */; };
		FB94DD0C2A4C91BC00A136D6 /* Helpers.swift in Sources */ = {isa = PBXBuildFile; fileRef = FB94DD0B2A4C91BC00A136D6 /* Helpers.swift */; };
		FB94DD0F2A4D98B900A136D6 /* SignInViewModel.swift in Sources */ = {isa = PBXBuildFile; fileRef = FB94DD0E2A4D98B900A136D6 /* SignInViewModel.swift */; };
		FB94DD112A4DA06500A136D6 /* SeguePerformable.swift in Sources */ = {isa = PBXBuildFile; fileRef = FB94DD102A4DA06500A136D6 /* SeguePerformable.swift */; };
/* End PBXBuildFile section */

/* Begin PBXFileReference section */
		04697E6E274533FC00154D32 /* Post.swift */ = {isa = PBXFileReference; lastKnownFileType = sourcecode.swift; path = Post.swift; sourceTree = "<group>"; };
		04FC499E273E5C8A00C423F3 /* PhotoWebApp.app */ = {isa = PBXFileReference; explicitFileType = wrapper.application; includeInIndex = 0; path = PhotoWebApp.app; sourceTree = BUILT_PRODUCTS_DIR; };
		04FC49A1273E5C8A00C423F3 /* AppDelegate.swift */ = {isa = PBXFileReference; lastKnownFileType = sourcecode.swift; path = AppDelegate.swift; sourceTree = "<group>"; };
		04FC49A3273E5C8A00C423F3 /* SceneDelegate.swift */ = {isa = PBXFileReference; lastKnownFileType = sourcecode.swift; path = SceneDelegate.swift; sourceTree = "<group>"; };
		04FC49A5273E5C8A00C423F3 /* SignInViewController.swift */ = {isa = PBXFileReference; lastKnownFileType = sourcecode.swift; path = SignInViewController.swift; sourceTree = "<group>"; };
		04FC49A8273E5C8A00C423F3 /* Base */ = {isa = PBXFileReference; lastKnownFileType = file.storyboard; name = Base; path = Base.lproj/Main.storyboard; sourceTree = "<group>"; };
		04FC49AA273E5C8B00C423F3 /* Assets.xcassets */ = {isa = PBXFileReference; lastKnownFileType = folder.assetcatalog; path = Assets.xcassets; sourceTree = "<group>"; };
		04FC49AD273E5C8B00C423F3 /* Base */ = {isa = PBXFileReference; lastKnownFileType = file.storyboard; name = Base; path = Base.lproj/LaunchScreen.storyboard; sourceTree = "<group>"; };
		04FC49AF273E5C8B00C423F3 /* Info.plist */ = {isa = PBXFileReference; lastKnownFileType = text.plist.xml; path = Info.plist; sourceTree = "<group>"; };
		04FC49B5273E5CA300C423F3 /* GoogleService-Info.plist */ = {isa = PBXFileReference; fileEncoding = 4; lastKnownFileType = text.plist.xml; path = "GoogleService-Info.plist"; sourceTree = "<group>"; };
		04FC49B7273E86C400C423F3 /* FeedVC.swift */ = {isa = PBXFileReference; lastKnownFileType = sourcecode.swift; path = FeedVC.swift; sourceTree = "<group>"; };
		04FC49B9273E86E800C423F3 /* UploadVC.swift */ = {isa = PBXFileReference; lastKnownFileType = sourcecode.swift; path = UploadVC.swift; sourceTree = "<group>"; };
		04FC49BB273E86FB00C423F3 /* SettingsVC.swift */ = {isa = PBXFileReference; lastKnownFileType = sourcecode.swift; path = SettingsVC.swift; sourceTree = "<group>"; };
		04FC49BF2743DEF800C423F3 /* FeedCell.swift */ = {isa = PBXFileReference; lastKnownFileType = sourcecode.swift; path = FeedCell.swift; sourceTree = "<group>"; };
		2BFF6E5560B242BB2158A5F4 /* Pods-PhotoWebApp.release.xcconfig */ = {isa = PBXFileReference; includeInIndex = 1; lastKnownFileType = text.xcconfig; name = "Pods-PhotoWebApp.release.xcconfig"; path = "Target Support Files/Pods-PhotoWebApp/Pods-PhotoWebApp.release.xcconfig"; sourceTree = "<group>"; };
		83CB42E2036016324EDF3AFD /* Pods_PhotoWebApp.framework */ = {isa = PBXFileReference; explicitFileType = wrapper.framework; includeInIndex = 0; path = Pods_PhotoWebApp.framework; sourceTree = BUILT_PRODUCTS_DIR; };
		E9C6919F57EC6C4AEEA17790 /* Pods-PhotoWebApp.debug.xcconfig */ = {isa = PBXFileReference; includeInIndex = 1; lastKnownFileType = text.xcconfig; name = "Pods-PhotoWebApp.debug.xcconfig"; path = "Target Support Files/Pods-PhotoWebApp/Pods-PhotoWebApp.debug.xcconfig"; sourceTree = "<group>"; };
		FB94DCFD2A4C6EFC00A136D6 /* SettingsViewModel.swift */ = {isa = PBXFileReference; lastKnownFileType = sourcecode.swift; path = SettingsViewModel.swift; sourceTree = "<group>"; };
		FB94DD012A4C746800A136D6 /* FeedViewModel.swift */ = {isa = PBXFileReference; lastKnownFileType = sourcecode.swift; path = FeedViewModel.swift; sourceTree = "<group>"; };
		FB94DD042A4C86E900A136D6 /* UploadViewModel.swift */ = {isa = PBXFileReference; lastKnownFileType = sourcecode.swift; path = UploadViewModel.swift; sourceTree = "<group>"; };
		FB94DD072A4C8B6800A136D6 /* Service.swift */ = {isa = PBXFileReference; lastKnownFileType = sourcecode.swift; path = Service.swift; sourceTree = "<group>"; };
		FB94DD0B2A4C91BC00A136D6 /* Helpers.swift */ = {isa = PBXFileReference; lastKnownFileType = sourcecode.swift; path = Helpers.swift; sourceTree = "<group>"; };
		FB94DD0E2A4D98B900A136D6 /* SignInViewModel.swift */ = {isa = PBXFileReference; lastKnownFileType = sourcecode.swift; path = SignInViewModel.swift; sourceTree = "<group>"; };
		FB94DD102A4DA06500A136D6 /* SeguePerformable.swift */ = {isa = PBXFileReference; lastKnownFileType = sourcecode.swift; path = SeguePerformable.swift; sourceTree = "<group>"; };
/* End PBXFileReference section */

/* Begin PBXFrameworksBuildPhase section */
		04FC499B273E5C8A00C423F3 /* Frameworks */ = {
			isa = PBXFrameworksBuildPhase;
			buildActionMask = 2147483647;
			files = (
				89655E839EBC50F73DF1157E /* Pods_PhotoWebApp.framework in Frameworks */,
			);
			runOnlyForDeploymentPostprocessing = 0;
		};
/* End PBXFrameworksBuildPhase section */

/* Begin PBXGroup section */
		04FC4995273E5C8900C423F3 = {
			isa = PBXGroup;
			children = (
				04FC49A0273E5C8A00C423F3 /* PhotoWebApp */,
				04FC499F273E5C8A00C423F3 /* Products */,
				25ADCD60B748761B89A9395E /* Pods */,
				80D433CBDEFE19A7193973B3 /* Frameworks */,
			);
			sourceTree = "<group>";
		};
		04FC499F273E5C8A00C423F3 /* Products */ = {
			isa = PBXGroup;
			children = (
				04FC499E273E5C8A00C423F3 /* PhotoWebApp.app */,
			);
			name = Products;
			sourceTree = "<group>";
		};
		04FC49A0273E5C8A00C423F3 /* PhotoWebApp */ = {
			isa = PBXGroup;
			children = (
				FB94DCFB2A4C6EC600A136D6 /* Controllers */,
				FB94DD062A4C8B5800A136D6 /* Service */,
				FB94DD122A4DA4A700A136D6 /* StoryBoards */,
				FB94DD132A4DA4ED00A136D6 /* Supports */,
				FB94DD092A4C91AB00A136D6 /* Utilities */,
			);
			path = PhotoWebApp;
			sourceTree = "<group>";
		};
		25ADCD60B748761B89A9395E /* Pods */ = {
			isa = PBXGroup;
			children = (
				E9C6919F57EC6C4AEEA17790 /* Pods-PhotoWebApp.debug.xcconfig */,
				2BFF6E5560B242BB2158A5F4 /* Pods-PhotoWebApp.release.xcconfig */,
			);
			path = Pods;
			sourceTree = "<group>";
		};
		80D433CBDEFE19A7193973B3 /* Frameworks */ = {
			isa = PBXGroup;
			children = (
				83CB42E2036016324EDF3AFD /* Pods_PhotoWebApp.framework */,
			);
			name = Frameworks;
			sourceTree = "<group>";
		};
		FB94DCFB2A4C6EC600A136D6 /* Controllers */ = {
			isa = PBXGroup;
			children = (
				FB94DD0D2A4D983100A136D6 /* SignIn */,
				FB94DD032A4C85F100A136D6 /* Upload */,
				FB94DCFF2A4C732C00A136D6 /* Feed */,
				FB94DCFC2A4C6ECE00A136D6 /* Settings */,
			);
			path = Controllers;
			sourceTree = "<group>";
		};
		FB94DCFC2A4C6ECE00A136D6 /* Settings */ = {
			isa = PBXGroup;
			children = (
				04FC49BB273E86FB00C423F3 /* SettingsVC.swift */,
				FB94DCFD2A4C6EFC00A136D6 /* SettingsViewModel.swift */,
			);
			path = Settings;
			sourceTree = "<group>";
		};
		FB94DCFF2A4C732C00A136D6 /* Feed */ = {
			isa = PBXGroup;
			children = (
				04697E6E274533FC00154D32 /* Post.swift */,
				FB94DD002A4C733800A136D6 /* Cell */,
				04FC49B7273E86C400C423F3 /* FeedVC.swift */,
				FB94DD012A4C746800A136D6 /* FeedViewModel.swift */,
			);
			path = Feed;
			sourceTree = "<group>";
		};
		FB94DD002A4C733800A136D6 /* Cell */ = {
			isa = PBXGroup;
			children = (
				04FC49BF2743DEF800C423F3 /* FeedCell.swift */,
			);
			path = Cell;
			sourceTree = "<group>";
		};
		FB94DD032A4C85F100A136D6 /* Upload */ = {
			isa = PBXGroup;
			children = (
				04FC49B9273E86E800C423F3 /* UploadVC.swift */,
				FB94DD042A4C86E900A136D6 /* UploadViewModel.swift */,
			);
			path = Upload;
			sourceTree = "<group>";
		};
		FB94DD062A4C8B5800A136D6 /* Service */ = {
			isa = PBXGroup;
			children = (
				FB94DD072A4C8B6800A136D6 /* Service.swift */,
			);
			path = Service;
			sourceTree = "<group>";
		};
		FB94DD092A4C91AB00A136D6 /* Utilities */ = {
			isa = PBXGroup;
			children = (
				FB94DD0B2A4C91BC00A136D6 /* Helpers.swift */,
			);
			path = Utilities;
			sourceTree = "<group>";
		};
		FB94DD0D2A4D983100A136D6 /* SignIn */ = {
			isa = PBXGroup;
			children = (
				04FC49A5273E5C8A00C423F3 /* SignInViewController.swift */,
				FB94DD0E2A4D98B900A136D6 /* SignInViewModel.swift */,
				FB94DD102A4DA06500A136D6 /* SeguePerformable.swift */,
			);
			path = SignIn;
			sourceTree = "<group>";
		};
		FB94DD122A4DA4A700A136D6 /* StoryBoards */ = {
			isa = PBXGroup;
			children = (
				04FC49A7273E5C8A00C423F3 /* Main.storyboard */,
				04FC49AC273E5C8B00C423F3 /* LaunchScreen.storyboard */,
			);
			path = StoryBoards;
			sourceTree = "<group>";
		};
		FB94DD132A4DA4ED00A136D6 /* Supports */ = {
			isa = PBXGroup;
			children = (
				04FC49B5273E5CA300C423F3 /* GoogleService-Info.plist */,
				04FC49A1273E5C8A00C423F3 /* AppDelegate.swift */,
				04FC49A3273E5C8A00C423F3 /* SceneDelegate.swift */,
				04FC49AA273E5C8B00C423F3 /* Assets.xcassets */,
				04FC49AF273E5C8B00C423F3 /* Info.plist */,
			);
			path = Supports;
			sourceTree = "<group>";
		};
/* End PBXGroup section */

/* Begin PBXNativeTarget section */
		04FC499D273E5C8A00C423F3 /* PhotoWebApp */ = {
			isa = PBXNativeTarget;
			buildConfigurationList = 04FC49B2273E5C8B00C423F3 /* Build configuration list for PBXNativeTarget "PhotoWebApp" */;
			buildPhases = (
				F677FE317B5DB726193DD676 /* [CP] Check Pods Manifest.lock */,
				04FC499A273E5C8A00C423F3 /* Sources */,
				04FC499B273E5C8A00C423F3 /* Frameworks */,
				04FC499C273E5C8A00C423F3 /* Resources */,
				07CC597883B2F715E0E3DB0A /* [CP] Embed Pods Frameworks */,
				047C2C8128355C6900A28601 /* SwiftLint */,
			);
			buildRules = (
			);
			dependencies = (
			);
			name = PhotoWebApp;
			productName = PhotoWebApp;
			productReference = 04FC499E273E5C8A00C423F3 /* PhotoWebApp.app */;
			productType = "com.apple.product-type.application";
		};
/* End PBXNativeTarget section */

/* Begin PBXProject section */
		04FC4996273E5C8900C423F3 /* Project object */ = {
			isa = PBXProject;
			attributes = {
				BuildIndependentTargetsInParallel = 1;
				LastSwiftUpdateCheck = 1310;
				LastUpgradeCheck = 1310;
				TargetAttributes = {
					04FC499D273E5C8A00C423F3 = {
						CreatedOnToolsVersion = 13.1;
					};
				};
			};
			buildConfigurationList = 04FC4999273E5C8900C423F3 /* Build configuration list for PBXProject "PhotoWebApp" */;
			compatibilityVersion = "Xcode 13.0";
			developmentRegion = en;
			hasScannedForEncodings = 0;
			knownRegions = (
				en,
				Base,
			);
			mainGroup = 04FC4995273E5C8900C423F3;
			productRefGroup = 04FC499F273E5C8A00C423F3 /* Products */;
			projectDirPath = "";
			projectRoot = "";
			targets = (
				04FC499D273E5C8A00C423F3 /* PhotoWebApp */,
			);
		};
/* End PBXProject section */

/* Begin PBXResourcesBuildPhase section */
		04FC499C273E5C8A00C423F3 /* Resources */ = {
			isa = PBXResourcesBuildPhase;
			buildActionMask = 2147483647;
			files = (
				04FC49AE273E5C8B00C423F3 /* LaunchScreen.storyboard in Resources */,
				04FC49B6273E5CA300C423F3 /* GoogleService-Info.plist in Resources */,
				04FC49AB273E5C8B00C423F3 /* Assets.xcassets in Resources */,
				04FC49A9273E5C8A00C423F3 /* Main.storyboard in Resources */,
			);
			runOnlyForDeploymentPostprocessing = 0;
		};
/* End PBXResourcesBuildPhase section */

/* Begin PBXShellScriptBuildPhase section */
		047C2C8128355C6900A28601 /* SwiftLint */ = {
			isa = PBXShellScriptBuildPhase;
			buildActionMask = 2147483647;
			files = (
			);
			inputFileListPaths = (
			);
			inputPaths = (
			);
			name = SwiftLint;
			outputFileListPaths = (
			);
			outputPaths = (
			);
			runOnlyForDeploymentPostprocessing = 0;
			shellPath = /bin/sh;
			shellScript = "if which swiftlint >/dev/null; then\n  swiftlint\nelse\n  echo \"warning: SwiftLint not installed, download from https://github.com/realm/SwiftLint\"\nfi\n";
		};
		07CC597883B2F715E0E3DB0A /* [CP] Embed Pods Frameworks */ = {
			isa = PBXShellScriptBuildPhase;
			buildActionMask = 2147483647;
			files = (
			);
			inputFileListPaths = (
				"${PODS_ROOT}/Target Support Files/Pods-PhotoWebApp/Pods-PhotoWebApp-frameworks-${CONFIGURATION}-input-files.xcfilelist",
			);
			name = "[CP] Embed Pods Frameworks";
			outputFileListPaths = (
				"${PODS_ROOT}/Target Support Files/Pods-PhotoWebApp/Pods-PhotoWebApp-frameworks-${CONFIGURATION}-output-files.xcfilelist",
			);
			runOnlyForDeploymentPostprocessing = 0;
			shellPath = /bin/sh;
			shellScript = "\"${PODS_ROOT}/Target Support Files/Pods-PhotoWebApp/Pods-PhotoWebApp-frameworks.sh\"\n";
			showEnvVarsInLog = 0;
		};
		F677FE317B5DB726193DD676 /* [CP] Check Pods Manifest.lock */ = {
			isa = PBXShellScriptBuildPhase;
			buildActionMask = 2147483647;
			files = (
			);
			inputFileListPaths = (
			);
			inputPaths = (
				"${PODS_PODFILE_DIR_PATH}/Podfile.lock",
				"${PODS_ROOT}/Manifest.lock",
			);
			name = "[CP] Check Pods Manifest.lock";
			outputFileListPaths = (
			);
			outputPaths = (
				"$(DERIVED_FILE_DIR)/Pods-PhotoWebApp-checkManifestLockResult.txt",
			);
			runOnlyForDeploymentPostprocessing = 0;
			shellPath = /bin/sh;
			shellScript = "diff \"${PODS_PODFILE_DIR_PATH}/Podfile.lock\" \"${PODS_ROOT}/Manifest.lock\" > /dev/null\nif [ $? != 0 ] ; then\n    # print error to STDERR\n    echo \"error: The sandbox is not in sync with the Podfile.lock. Run 'pod install' or update your CocoaPods installation.\" >&2\n    exit 1\nfi\n# This output is used by Xcode 'outputs' to avoid re-running this script phase.\necho \"SUCCESS\" > \"${SCRIPT_OUTPUT_FILE_0}\"\n";
			showEnvVarsInLog = 0;
		};
/* End PBXShellScriptBuildPhase section */

/* Begin PBXSourcesBuildPhase section */
		04FC499A273E5C8A00C423F3 /* Sources */ = {
			isa = PBXSourcesBuildPhase;
			buildActionMask = 2147483647;
			files = (
				FB94DD022A4C746800A136D6 /* FeedViewModel.swift in Sources */,
				04FC49C02743DEF800C423F3 /* FeedCell.swift in Sources */,
				04FC49B8273E86C400C423F3 /* FeedVC.swift in Sources */,
				04FC49A6273E5C8A00C423F3 /* SignInViewController.swift in Sources */,
				04697E6F274533FC00154D32 /* Post.swift in Sources */,
				FB94DD082A4C8B6800A136D6 /* Service.swift in Sources */,
				FB94DD112A4DA06500A136D6 /* SeguePerformable.swift in Sources */,
				04FC49A2273E5C8A00C423F3 /* AppDelegate.swift in Sources */,
				04FC49BA273E86E800C423F3 /* UploadVC.swift in Sources */,
				FB94DD0F2A4D98B900A136D6 /* SignInViewModel.swift in Sources */,
				04FC49A4273E5C8A00C423F3 /* SceneDelegate.swift in Sources */,
				04FC49BC273E86FB00C423F3 /* SettingsVC.swift in Sources */,
				FB94DD0C2A4C91BC00A136D6 /* Helpers.swift in Sources */,
				FB94DCFE2A4C6EFC00A136D6 /* SettingsViewModel.swift in Sources */,
				FB94DD052A4C86E900A136D6 /* UploadViewModel.swift in Sources */,
			);
			runOnlyForDeploymentPostprocessing = 0;
		};
/* End PBXSourcesBuildPhase section */

/* Begin PBXVariantGroup section */
		04FC49A7273E5C8A00C423F3 /* Main.storyboard */ = {
			isa = PBXVariantGroup;
			children = (
				04FC49A8273E5C8A00C423F3 /* Base */,
			);
			name = Main.storyboard;
			sourceTree = "<group>";
		};
		04FC49AC273E5C8B00C423F3 /* LaunchScreen.storyboard */ = {
			isa = PBXVariantGroup;
			children = (
				04FC49AD273E5C8B00C423F3 /* Base */,
			);
			name = LaunchScreen.storyboard;
			sourceTree = "<group>";
		};
/* End PBXVariantGroup section */

/* Begin XCBuildConfiguration section */
		04FC49B0273E5C8B00C423F3 /* Debug */ = {
			isa = XCBuildConfiguration;
			buildSettings = {
				ALWAYS_SEARCH_USER_PATHS = NO;
				CLANG_ANALYZER_NONNULL = YES;
				CLANG_ANALYZER_NUMBER_OBJECT_CONVERSION = YES_AGGRESSIVE;
				CLANG_CXX_LANGUAGE_STANDARD = "gnu++17";
				CLANG_CXX_LIBRARY = "libc++";
				CLANG_ENABLE_MODULES = YES;
				CLANG_ENABLE_OBJC_ARC = YES;
				CLANG_ENABLE_OBJC_WEAK = YES;
				CLANG_WARN_BLOCK_CAPTURE_AUTORELEASING = YES;
				CLANG_WARN_BOOL_CONVERSION = YES;
				CLANG_WARN_COMMA = YES;
				CLANG_WARN_CONSTANT_CONVERSION = YES;
				CLANG_WARN_DEPRECATED_OBJC_IMPLEMENTATIONS = YES;
				CLANG_WARN_DIRECT_OBJC_ISA_USAGE = YES_ERROR;
				CLANG_WARN_DOCUMENTATION_COMMENTS = YES;
				CLANG_WARN_EMPTY_BODY = YES;
				CLANG_WARN_ENUM_CONVERSION = YES;
				CLANG_WARN_INFINITE_RECURSION = YES;
				CLANG_WARN_INT_CONVERSION = YES;
				CLANG_WARN_NON_LITERAL_NULL_CONVERSION = YES;
				CLANG_WARN_OBJC_IMPLICIT_RETAIN_SELF = YES;
				CLANG_WARN_OBJC_LITERAL_CONVERSION = YES;
				CLANG_WARN_OBJC_ROOT_CLASS = YES_ERROR;
				CLANG_WARN_QUOTED_INCLUDE_IN_FRAMEWORK_HEADER = YES;
				CLANG_WARN_RANGE_LOOP_ANALYSIS = YES;
				CLANG_WARN_STRICT_PROTOTYPES = YES;
				CLANG_WARN_SUSPICIOUS_MOVE = YES;
				CLANG_WARN_UNGUARDED_AVAILABILITY = YES_AGGRESSIVE;
				CLANG_WARN_UNREACHABLE_CODE = YES;
				CLANG_WARN__DUPLICATE_METHOD_MATCH = YES;
				COPY_PHASE_STRIP = NO;
				DEBUG_INFORMATION_FORMAT = dwarf;
				ENABLE_STRICT_OBJC_MSGSEND = YES;
				ENABLE_TESTABILITY = YES;
				GCC_C_LANGUAGE_STANDARD = gnu11;
				GCC_DYNAMIC_NO_PIC = NO;
				GCC_NO_COMMON_BLOCKS = YES;
				GCC_OPTIMIZATION_LEVEL = 0;
				GCC_PREPROCESSOR_DEFINITIONS = (
					"DEBUG=1",
					"$(inherited)",
				);
				GCC_WARN_64_TO_32_BIT_CONVERSION = YES;
				GCC_WARN_ABOUT_RETURN_TYPE = YES_ERROR;
				GCC_WARN_UNDECLARED_SELECTOR = YES;
				GCC_WARN_UNINITIALIZED_AUTOS = YES_AGGRESSIVE;
				GCC_WARN_UNUSED_FUNCTION = YES;
				GCC_WARN_UNUSED_VARIABLE = YES;
				IPHONEOS_DEPLOYMENT_TARGET = 15.0;
				MTL_ENABLE_DEBUG_INFO = INCLUDE_SOURCE;
				MTL_FAST_MATH = YES;
				ONLY_ACTIVE_ARCH = YES;
				SDKROOT = iphoneos;
				SWIFT_ACTIVE_COMPILATION_CONDITIONS = DEBUG;
				SWIFT_OPTIMIZATION_LEVEL = "-Onone";
			};
			name = Debug;
		};
		04FC49B1273E5C8B00C423F3 /* Release */ = {
			isa = XCBuildConfiguration;
			buildSettings = {
				ALWAYS_SEARCH_USER_PATHS = NO;
				CLANG_ANALYZER_NONNULL = YES;
				CLANG_ANALYZER_NUMBER_OBJECT_CONVERSION = YES_AGGRESSIVE;
				CLANG_CXX_LANGUAGE_STANDARD = "gnu++17";
				CLANG_CXX_LIBRARY = "libc++";
				CLANG_ENABLE_MODULES = YES;
				CLANG_ENABLE_OBJC_ARC = YES;
				CLANG_ENABLE_OBJC_WEAK = YES;
				CLANG_WARN_BLOCK_CAPTURE_AUTORELEASING = YES;
				CLANG_WARN_BOOL_CONVERSION = YES;
				CLANG_WARN_COMMA = YES;
				CLANG_WARN_CONSTANT_CONVERSION = YES;
				CLANG_WARN_DEPRECATED_OBJC_IMPLEMENTATIONS = YES;
				CLANG_WARN_DIRECT_OBJC_ISA_USAGE = YES_ERROR;
				CLANG_WARN_DOCUMENTATION_COMMENTS = YES;
				CLANG_WARN_EMPTY_BODY = YES;
				CLANG_WARN_ENUM_CONVERSION = YES;
				CLANG_WARN_INFINITE_RECURSION = YES;
				CLANG_WARN_INT_CONVERSION = YES;
				CLANG_WARN_NON_LITERAL_NULL_CONVERSION = YES;
				CLANG_WARN_OBJC_IMPLICIT_RETAIN_SELF = YES;
				CLANG_WARN_OBJC_LITERAL_CONVERSION = YES;
				CLANG_WARN_OBJC_ROOT_CLASS = YES_ERROR;
				CLANG_WARN_QUOTED_INCLUDE_IN_FRAMEWORK_HEADER = YES;
				CLANG_WARN_RANGE_LOOP_ANALYSIS = YES;
				CLANG_WARN_STRICT_PROTOTYPES = YES;
				CLANG_WARN_SUSPICIOUS_MOVE = YES;
				CLANG_WARN_UNGUARDED_AVAILABILITY = YES_AGGRESSIVE;
				CLANG_WARN_UNREACHABLE_CODE = YES;
				CLANG_WARN__DUPLICATE_METHOD_MATCH = YES;
				COPY_PHASE_STRIP = NO;
				DEBUG_INFORMATION_FORMAT = "dwarf-with-dsym";
				ENABLE_NS_ASSERTIONS = NO;
				ENABLE_STRICT_OBJC_MSGSEND = YES;
				GCC_C_LANGUAGE_STANDARD = gnu11;
				GCC_NO_COMMON_BLOCKS = YES;
				GCC_WARN_64_TO_32_BIT_CONVERSION = YES;
				GCC_WARN_ABOUT_RETURN_TYPE = YES_ERROR;
				GCC_WARN_UNDECLARED_SELECTOR = YES;
				GCC_WARN_UNINITIALIZED_AUTOS = YES_AGGRESSIVE;
				GCC_WARN_UNUSED_FUNCTION = YES;
				GCC_WARN_UNUSED_VARIABLE = YES;
				IPHONEOS_DEPLOYMENT_TARGET = 15.0;
				MTL_ENABLE_DEBUG_INFO = NO;
				MTL_FAST_MATH = YES;
				SDKROOT = iphoneos;
				SWIFT_COMPILATION_MODE = wholemodule;
				SWIFT_OPTIMIZATION_LEVEL = "-O";
				VALIDATE_PRODUCT = YES;
			};
			name = Release;
		};
		04FC49B3273E5C8B00C423F3 /* Debug */ = {
			isa = XCBuildConfiguration;
			baseConfigurationReference = E9C6919F57EC6C4AEEA17790 /* Pods-PhotoWebApp.debug.xcconfig */;
			buildSettings = {
				ASSETCATALOG_COMPILER_APPICON_NAME = AppIcon;
				ASSETCATALOG_COMPILER_GLOBAL_ACCENT_COLOR_NAME = AccentColor;
				CODE_SIGN_STYLE = Automatic;
				CURRENT_PROJECT_VERSION = 1;
				DEVELOPMENT_TEAM = 424YN83A3C;
				GENERATE_INFOPLIST_FILE = YES;
				INFOPLIST_FILE = PhotoWebApp/Info.plist;
				INFOPLIST_KEY_UIApplicationSupportsIndirectInputEvents = YES;
				INFOPLIST_KEY_UILaunchStoryboardName = LaunchScreen;
				INFOPLIST_KEY_UIMainStoryboardFile = Main;
				INFOPLIST_KEY_UISupportedInterfaceOrientations_iPad = "UIInterfaceOrientationPortrait UIInterfaceOrientationPortraitUpsideDown UIInterfaceOrientationLandscapeLeft UIInterfaceOrientationLandscapeRight";
				INFOPLIST_KEY_UISupportedInterfaceOrientations_iPhone = "UIInterfaceOrientationPortrait UIInterfaceOrientationLandscapeLeft UIInterfaceOrientationLandscapeRight";
				LD_RUNPATH_SEARCH_PATHS = (
					"$(inherited)",
					"@executable_path/Frameworks",
				);
				MARKETING_VERSION = 1.0;
				PRODUCT_BUNDLE_IDENTIFIER = com.BerkanGezgin.PhotoWebApp;
				PRODUCT_NAME = "$(TARGET_NAME)";
				SWIFT_EMIT_LOC_STRINGS = YES;
				SWIFT_VERSION = 5.0;
				TARGETED_DEVICE_FAMILY = "1,2";
			};
			name = Debug;
		};
		04FC49B4273E5C8B00C423F3 /* Release */ = {
			isa = XCBuildConfiguration;
			baseConfigurationReference = 2BFF6E5560B242BB2158A5F4 /* Pods-PhotoWebApp.release.xcconfig */;
			buildSettings = {
				ASSETCATALOG_COMPILER_APPICON_NAME = AppIcon;
				ASSETCATALOG_COMPILER_GLOBAL_ACCENT_COLOR_NAME = AccentColor;
				CODE_SIGN_STYLE = Automatic;
				CURRENT_PROJECT_VERSION = 1;
				DEVELOPMENT_TEAM = 424YN83A3C;
				GENERATE_INFOPLIST_FILE = YES;
				INFOPLIST_FILE = PhotoWebApp/Info.plist;
				INFOPLIST_KEY_UIApplicationSupportsIndirectInputEvents = YES;
				INFOPLIST_KEY_UILaunchStoryboardName = LaunchScreen;
				INFOPLIST_KEY_UIMainStoryboardFile = Main;
				INFOPLIST_KEY_UISupportedInterfaceOrientations_iPad = "UIInterfaceOrientationPortrait UIInterfaceOrientationPortraitUpsideDown UIInterfaceOrientationLandscapeLeft UIInterfaceOrientationLandscapeRight";
				INFOPLIST_KEY_UISupportedInterfaceOrientations_iPhone = "UIInterfaceOrientationPortrait UIInterfaceOrientationLandscapeLeft UIInterfaceOrientationLandscapeRight";
				LD_RUNPATH_SEARCH_PATHS = (
					"$(inherited)",
					"@executable_path/Frameworks",
				);
				MARKETING_VERSION = 1.0;
				PRODUCT_BUNDLE_IDENTIFIER = com.BerkanGezgin.PhotoWebApp;
				PRODUCT_NAME = "$(TARGET_NAME)";
				SWIFT_EMIT_LOC_STRINGS = YES;
				SWIFT_VERSION = 5.0;
				TARGETED_DEVICE_FAMILY = "1,2";
			};
			name = Release;
		};
/* End XCBuildConfiguration section */

/* Begin XCConfigurationList section */
		04FC4999273E5C8900C423F3 /* Build configuration list for PBXProject "PhotoWebApp" */ = {
			isa = XCConfigurationList;
			buildConfigurations = (
				04FC49B0273E5C8B00C423F3 /* Debug */,
				04FC49B1273E5C8B00C423F3 /* Release */,
			);
			defaultConfigurationIsVisible = 0;
			defaultConfigurationName = Release;
		};
		04FC49B2273E5C8B00C423F3 /* Build configuration list for PBXNativeTarget "PhotoWebApp" */ = {
			isa = XCConfigurationList;
			buildConfigurations = (
				04FC49B3273E5C8B00C423F3 /* Debug */,
				04FC49B4273E5C8B00C423F3 /* Release */,
			);
			defaultConfigurationIsVisible = 0;
			defaultConfigurationName = Release;
		};
/* End XCConfigurationList section */
	};
	rootObject = 04FC4996273E5C8900C423F3 /* Project object */;
}
